PODS:
  - Alamofire (5.10.1)
  - FlowXRenderer (4.0.2):
    - Alamofire
    - SDWebImageSVGCoder
    - SDWebImageSwiftUI
  - FXAuthLibrary (1.0.1):
    - Alamofire
    - JWTDecode
    - SwiftKeychainWrapper
  - JWTDecode (3.2.0)
  - SDWebImage (5.19.7):
    - SDWebImage/Core (= 5.19.7)
  - SDWebImage/Core (5.19.7)
  - SDWebImageSVGCoder (1.7.0):
    - SDWebImage/Core (~> 5.6)
  - SDWebImageSwiftUI (3.1.1):
    - SDWebImage (~> 5.10)
  - SwiftKeychainWrapper (4.0.1)

DEPENDENCIES:
  - FlowXRenderer (= 4.0.2)
  - FXAuthLibrary

SPEC REPOS:
  https://github.com/CocoaPods/Specs.git:
    - Alamofire
    - JWTDecode
    - SDWebImage
    - SDWebImageSVGCoder
    - SDWebImageSwiftUI
    - SwiftKeychainWrapper
  https://github.com/flowx-ai-external/flowx-ios-specs.git:
    - FlowXRenderer
    - FXAuthLibrary

SPEC CHECKSUMS:
  Alamofire: 840d2a1ad82355b536ec6ba5f97e5bfa54600ca3
  FlowXRenderer: 98dbf8e852373a311eca84b8042a6c3e18b7abd9
  FXAuthLibrary: bdd704a51e018c2d8b75134168298365bb1e35ef
  JWTDecode: 7dae24cb9bf9b608eae61e5081029ec169bb5527
  SDWebImage: 8a6b7b160b4d710e2a22b6900e25301075c34cb3
  SDWebImageSVGCoder: 15a300a97ec1c8ac958f009c02220ac0402e936c
  SDWebImageSwiftUI: dcff3d05fd0579ff280221ae8856c34ac3b67f25
  SwiftKeychainWrapper: 807ba1d63c33a7d0613288512399cd1eda1e470c

PODFILE CHECKSUM: f55c5fc4303b9100db49d2abb09e27da9c7209b5

COCOAPODS: 1.16.1
