PODS:
  - Alamofire (5.10.2)
  - FlowXRenderer (4.0.10):
    - Alamofire
    - SDWebImageSVGCoder
    - SDWebImageSwiftUI
  - FXAuthLibrary (1.0.1):
    - Alamofire
    - JWTDecode
    - SwiftKeychainWrapper
  - JWTDecode (3.3.0)
  - SDWebImage (5.21.0):
    - SDWebImage/Core (= 5.21.0)
  - SDWebImage/Core (5.21.0)
  - SDWebImageSVGCoder (1.8.0):
    - SDWebImage/Core (~> 5.6)
  - SDWebImageSwiftUI (3.1.3):
    - SDWebImage (~> 5.10)
  - SwiftKeychainWrapper (4.0.1)

DEPENDENCIES:
  - FlowXRenderer (= 4.0.10)
  - FXAuthLibrary

SPEC REPOS:
  https://github.com/CocoaPods/Specs.git:
    - Alamofire
    - JWTDecode
    - SDWebImage
    - SDWebImageSVGCoder
    - SDWebImageSwiftUI
    - SwiftKeychainWrapper
  https://github.com/flowx-ai-external/flowx-ios-specs.git:
    - FlowXRenderer
    - FXAuthLibrary

SPEC CHECKSUMS:
  Alamofire: 7193b3b92c74a07f85569e1a6c4f4237291e7496
  FlowXRenderer: a7294b9db6ca08949ee14987ae87ac1dd93df61c
  FXAuthLibrary: bdd704a51e018c2d8b75134168298365bb1e35ef
  JWTDecode: 1ca6f765844457d0dd8690436860fecee788f631
  SDWebImage: f84b0feeb08d2d11e6a9b843cb06d75ebf5b8868
  SDWebImageSVGCoder: 8e10c8f6cc879c7dfb317b284e13dd589379f01c
  SDWebImageSwiftUI: a6d7129fb68fc18c8b930b869ddcfce314e49ded
  SwiftKeychainWrapper: 807ba1d63c33a7d0613288512399cd1eda1e470c

PODFILE CHECKSUM: 9d802455b198aeeb34941b03097493141017af7c

COCOAPODS: 1.16.1
